// !$*UTF8*$!
{
	archiveVersion = 1;
	classes = {
	};
	objectVersion = 50;
	objects = {

/* Begin PBXBuildFile section */
		FE109B322620F8FC0035A2DC /* AppDelegate.swift in Sources */ = {isa = PBXBuildFile; fileRef = FE109B312620F8FC0035A2DC /* AppDelegate.swift */; };
		FE109B342620F8FC0035A2DC /* SceneDelegate.swift in Sources */ = {isa = PBXBuildFile; fileRef = FE109B332620F8FC0035A2DC /* SceneDelegate.swift */; };
		FE109B392620F8FC0035A2DC /* Main.storyboard in Resources */ = {isa = PBXBuildFile; fileRef = FE109B372620F8FC0035A2DC /* Main.storyboard */; };
		FE109B3C2620F8FC0035A2DC /* YuklemeTakip.xcdatamodeld in Sources */ = {isa = PBXBuildFile; fileRef = FE109B3A2620F8FC0035A2DC /* YuklemeTakip.xcdatamodeld */; };
		FE109B3E2620F8FD0035A2DC /* Assets.xcassets in Resources */ = {isa = PBXBuildFile; fileRef = FE109B3D2620F8FD0035A2DC /* Assets.xcassets */; };
		FE109B412620F8FD0035A2DC /* LaunchScreen.storyboard in Resources */ = {isa = PBXBuildFile; fileRef = FE109B3F2620F8FD0035A2DC /* LaunchScreen.storyboard */; };
		FE109B4E2621CF980035A2DC /* ShipmentDetailViewController.swift in Sources */ = {isa = PBXBuildFile; fileRef = FE109B4D2621CF980035A2DC /* ShipmentDetailViewController.swift */; };
		FE109B522621CFF40035A2DC /* CustomNavBar.xib in Resources */ = {isa = PBXBuildFile; fileRef = FE109B512621CFF40035A2DC /* CustomNavBar.xib */; };
		FE109B552621D94A0035A2DC /* CustomNavBar.swift in Sources */ = {isa = PBXBuildFile; fileRef = FE109B542621D94A0035A2DC /* CustomNavBar.swift */; };
		FE109B592621D9BF0035A2DC /* UIView+Extensions.swift in Sources */ = {isa = PBXBuildFile; fileRef = FE109B582621D9BF0035A2DC /* UIView+Extensions.swift */; };
		FE109B652621DF5D0035A2DC /* CustomTopBar.xib in Resources */ = {isa = PBXBuildFile; fileRef = FE109B642621DF5D0035A2DC /* CustomTopBar.xib */; };
		FE109B682621E2070035A2DC /* CustomTopBar.swift in Sources */ = {isa = PBXBuildFile; fileRef = FE109B672621E2070035A2DC /* CustomTopBar.swift */; };
/* End PBXBuildFile section */

/* Begin PBXFileReference section */
		FE109B2E2620F8FC0035A2DC /* YuklemeTakip.app */ = {isa = PBXFileReference; explicitFileType = wrapper.application; includeInIndex = 0; path = YuklemeTakip.app; sourceTree = BUILT_PRODUCTS_DIR; };
		FE109B312620F8FC0035A2DC /* AppDelegate.swift */ = {isa = PBXFileReference; lastKnownFileType = sourcecode.swift; path = AppDelegate.swift; sourceTree = "<group>"; };
		FE109B332620F8FC0035A2DC /* SceneDelegate.swift */ = {isa = PBXFileReference; lastKnownFileType = sourcecode.swift; path = SceneDelegate.swift; sourceTree = "<group>"; };
		FE109B382620F8FC0035A2DC /* Base */ = {isa = PBXFileReference; lastKnownFileType = file.storyboard; name = Base; path = Base.lproj/Main.storyboard; sourceTree = "<group>"; };
		FE109B3B2620F8FC0035A2DC /* YuklemeTakip.xcdatamodel */ = {isa = PBXFileReference; lastKnownFileType = wrapper.xcdatamodel; path = YuklemeTakip.xcdatamodel; sourceTree = "<group>"; };
		FE109B3D2620F8FD0035A2DC /* Assets.xcassets */ = {isa = PBXFileReference; lastKnownFileType = folder.assetcatalog; path = Assets.xcassets; sourceTree = "<group>"; };
		FE109B402620F8FD0035A2DC /* Base */ = {isa = PBXFileReference; lastKnownFileType = file.storyboard; name = Base; path = Base.lproj/LaunchScreen.storyboard; sourceTree = "<group>"; };
		FE109B422620F8FD0035A2DC /* Info.plist */ = {isa = PBXFileReference; lastKnownFileType = text.plist.xml; path = Info.plist; sourceTree = "<group>"; };
		FE109B4D2621CF980035A2DC /* ShipmentDetailViewController.swift */ = {isa = PBXFileReference; lastKnownFileType = sourcecode.swift; path = ShipmentDetailViewController.swift; sourceTree = "<group>"; };
		FE109B512621CFF40035A2DC /* CustomNavBar.xib */ = {isa = PBXFileReference; lastKnownFileType = file.xib; path = CustomNavBar.xib; sourceTree = "<group>"; };
		FE109B542621D94A0035A2DC /* CustomNavBar.swift */ = {isa = PBXFileReference; lastKnownFileType = sourcecode.swift; path = CustomNavBar.swift; sourceTree = "<group>"; };
		FE109B582621D9BF0035A2DC /* UIView+Extensions.swift */ = {isa = PBXFileReference; lastKnownFileType = sourcecode.swift; path = "UIView+Extensions.swift"; sourceTree = "<group>"; };
		FE109B642621DF5D0035A2DC /* CustomTopBar.xib */ = {isa = PBXFileReference; lastKnownFileType = file.xib; path = CustomTopBar.xib; sourceTree = "<group>"; };
		FE109B672621E2070035A2DC /* CustomTopBar.swift */ = {isa = PBXFileReference; lastKnownFileType = sourcecode.swift; path = CustomTopBar.swift; sourceTree = "<group>"; };
/* End PBXFileReference section */

/* Begin PBXFrameworksBuildPhase section */
		FE109B2B2620F8FC0035A2DC /* Frameworks */ = {
			isa = PBXFrameworksBuildPhase;
			buildActionMask = 2147483647;
			files = (
			);
			runOnlyForDeploymentPostprocessing = 0;
		};
/* End PBXFrameworksBuildPhase section */

/* Begin PBXGroup section */
		FE109B252620F8FC0035A2DC = {
			isa = PBXGroup;
			children = (
				FE109B302620F8FC0035A2DC /* YuklemeTakip */,
				FE109B2F2620F8FC0035A2DC /* Products */,
			);
			sourceTree = "<group>";
		};
		FE109B2F2620F8FC0035A2DC /* Products */ = {
			isa = PBXGroup;
			children = (
				FE109B2E2620F8FC0035A2DC /* YuklemeTakip.app */,
			);
			name = Products;
			sourceTree = "<group>";
		};
		FE109B302620F8FC0035A2DC /* YuklemeTakip */ = {
			isa = PBXGroup;
			children = (
				FE109B572621D9A50035A2DC /* Extensions */,
				FE109B502621CFDE0035A2DC /* CustomViews */,
				FE109B4A2621CE970035A2DC /* Modules */,
				FE109B312620F8FC0035A2DC /* AppDelegate.swift */,
				FE109B332620F8FC0035A2DC /* SceneDelegate.swift */,
				FE109B3D2620F8FD0035A2DC /* Assets.xcassets */,
				FE109B3F2620F8FD0035A2DC /* LaunchScreen.storyboard */,
				FE109B422620F8FD0035A2DC /* Info.plist */,
				FE109B3A2620F8FC0035A2DC /* YuklemeTakip.xcdatamodeld */,
			);
			path = YuklemeTakip;
			sourceTree = "<group>";
		};
		FE109B4A2621CE970035A2DC /* Modules */ = {
			isa = PBXGroup;
			children = (
				FE109B4C2621CF5E0035A2DC /* ShipmentDetail */,
				FE109B372620F8FC0035A2DC /* Main.storyboard */,
			);
			path = Modules;
			sourceTree = "<group>";
		};
		FE109B4C2621CF5E0035A2DC /* ShipmentDetail */ = {
			isa = PBXGroup;
			children = (
				FE109B4D2621CF980035A2DC /* ShipmentDetailViewController.swift */,
			);
			path = ShipmentDetail;
			sourceTree = "<group>";
		};
		FE109B502621CFDE0035A2DC /* CustomViews */ = {
			isa = PBXGroup;
			children = (
				FE109B512621CFF40035A2DC /* CustomNavBar.xib */,
				FE109B542621D94A0035A2DC /* CustomNavBar.swift */,
				FE109B642621DF5D0035A2DC /* CustomTopBar.xib */,
				FE109B672621E2070035A2DC /* CustomTopBar.swift */,
			);
			path = CustomViews;
			sourceTree = "<group>";
		};
		FE109B572621D9A50035A2DC /* Extensions */ = {
			isa = PBXGroup;
			children = (
				FE109B582621D9BF0035A2DC /* UIView+Extensions.swift */,
			);
			path = Extensions;
			sourceTree = "<group>";
		};
/* End PBXGroup section */

/* Begin PBXNativeTarget section */
		FE109B2D2620F8FC0035A2DC /* YuklemeTakip */ = {
			isa = PBXNativeTarget;
			buildConfigurationList = FE109B452620F8FD0035A2DC /* Build configuration list for PBXNativeTarget "YuklemeTakip" */;
			buildPhases = (
				FE109B2A2620F8FC0035A2DC /* Sources */,
				FE109B2B2620F8FC0035A2DC /* Frameworks */,
				FE109B2C2620F8FC0035A2DC /* Resources */,
			);
			buildRules = (
			);
			dependencies = (
			);
			name = YuklemeTakip;
			productName = YuklemeTakip;
			productReference = FE109B2E2620F8FC0035A2DC /* YuklemeTakip.app */;
			productType = "com.apple.product-type.application";
		};
/* End PBXNativeTarget section */

/* Begin PBXProject section */
		FE109B262620F8FC0035A2DC /* Project object */ = {
			isa = PBXProject;
			attributes = {
				LastSwiftUpdateCheck = 1240;
				LastUpgradeCheck = 1240;
				TargetAttributes = {
					FE109B2D2620F8FC0035A2DC = {
						CreatedOnToolsVersion = 12.4;
					};
				};
			};
			buildConfigurationList = FE109B292620F8FC0035A2DC /* Build configuration list for PBXProject "YuklemeTakip" */;
			compatibilityVersion = "Xcode 9.3";
			developmentRegion = en;
			hasScannedForEncodings = 0;
			knownRegions = (
				en,
				Base,
			);
			mainGroup = FE109B252620F8FC0035A2DC;
			productRefGroup = FE109B2F2620F8FC0035A2DC /* Products */;
			projectDirPath = "";
			projectRoot = "";
			targets = (
				FE109B2D2620F8FC0035A2DC /* YuklemeTakip */,
			);
		};
/* End PBXProject section */

/* Begin PBXResourcesBuildPhase section */
		FE109B2C2620F8FC0035A2DC /* Resources */ = {
			isa = PBXResourcesBuildPhase;
			buildActionMask = 2147483647;
			files = (
				FE109B412620F8FD0035A2DC /* LaunchScreen.storyboard in Resources */,
				FE109B3E2620F8FD0035A2DC /* Assets.xcassets in Resources */,
				FE109B522621CFF40035A2DC /* CustomNavBar.xib in Resources */,
				FE109B652621DF5D0035A2DC /* CustomTopBar.xib in Resources */,
				FE109B392620F8FC0035A2DC /* Main.storyboard in Resources */,
			);
			runOnlyForDeploymentPostprocessing = 0;
		};
/* End PBXResourcesBuildPhase section */

/* Begin PBXSourcesBuildPhase section */
		FE109B2A2620F8FC0035A2DC /* Sources */ = {
			isa = PBXSourcesBuildPhase;
			buildActionMask = 2147483647;
			files = (
				FE109B682621E2070035A2DC /* CustomTopBar.swift in Sources */,
				FE109B592621D9BF0035A2DC /* UIView+Extensions.swift in Sources */,
				FE109B322620F8FC0035A2DC /* AppDelegate.swift in Sources */,
				FE109B3C2620F8FC0035A2DC /* YuklemeTakip.xcdatamodeld in Sources */,
				FE109B342620F8FC0035A2DC /* SceneDelegate.swift in Sources */,
				FE109B4E2621CF980035A2DC /* ShipmentDetailViewController.swift in Sources */,
				FE109B552621D94A0035A2DC /* CustomNavBar.swift in Sources */,
			);
			runOnlyForDeploymentPostprocessing = 0;
		};
/* End PBXSourcesBuildPhase section */

/* Begin PBXVariantGroup section */
		FE109B372620F8FC0035A2DC /* Main.storyboard */ = {
			isa = PBXVariantGroup;
			children = (
				FE109B382620F8FC0035A2DC /* Base */,
			);
			name = Main.storyboard;
			sourceTree = "<group>";
		};
		FE109B3F2620F8FD0035A2DC /* LaunchScreen.storyboard */ = {
			isa = PBXVariantGroup;
			children = (
				FE109B402620F8FD0035A2DC /* Base */,
			);
			name = LaunchScreen.storyboard;
			sourceTree = "<group>";
		};
/* End PBXVariantGroup section */

/* Begin XCBuildConfiguration section */
		FE109B432620F8FD0035A2DC /* Debug */ = {
			isa = XCBuildConfiguration;
			buildSettings = {
				ALWAYS_SEARCH_USER_PATHS = NO;
				CLANG_ANALYZER_NONNULL = YES;
				CLANG_ANALYZER_NUMBER_OBJECT_CONVERSION = YES_AGGRESSIVE;
				CLANG_CXX_LANGUAGE_STANDARD = "gnu++14";
				CLANG_CXX_LIBRARY = "libc++";
				CLANG_ENABLE_MODULES = YES;
				CLANG_ENABLE_OBJC_ARC = YES;
				CLANG_ENABLE_OBJC_WEAK = YES;
				CLANG_WARN_BLOCK_CAPTURE_AUTORELEASING = YES;
				CLANG_WARN_BOOL_CONVERSION = YES;
				CLANG_WARN_COMMA = YES;
				CLANG_WARN_CONSTANT_CONVERSION = YES;
				CLANG_WARN_DEPRECATED_OBJC_IMPLEMENTATIONS = YES;
				CLANG_WARN_DIRECT_OBJC_ISA_USAGE = YES_ERROR;
				CLANG_WARN_DOCUMENTATION_COMMENTS = YES;
				CLANG_WARN_EMPTY_BODY = YES;
				CLANG_WARN_ENUM_CONVERSION = YES;
				CLANG_WARN_INFINITE_RECURSION = YES;
				CLANG_WARN_INT_CONVERSION = YES;
				CLANG_WARN_NON_LITERAL_NULL_CONVERSION = YES;
				CLANG_WARN_OBJC_IMPLICIT_RETAIN_SELF = YES;
				CLANG_WARN_OBJC_LITERAL_CONVERSION = YES;
				CLANG_WARN_OBJC_ROOT_CLASS = YES_ERROR;
				CLANG_WARN_QUOTED_INCLUDE_IN_FRAMEWORK_HEADER = YES;
				CLANG_WARN_RANGE_LOOP_ANALYSIS = YES;
				CLANG_WARN_STRICT_PROTOTYPES = YES;
				CLANG_WARN_SUSPICIOUS_MOVE = YES;
				CLANG_WARN_UNGUARDED_AVAILABILITY = YES_AGGRESSIVE;
				CLANG_WARN_UNREACHABLE_CODE = YES;
				CLANG_WARN__DUPLICATE_METHOD_MATCH = YES;
				COPY_PHASE_STRIP = NO;
				DEBUG_INFORMATION_FORMAT = dwarf;
				ENABLE_STRICT_OBJC_MSGSEND = YES;
				ENABLE_TESTABILITY = YES;
				GCC_C_LANGUAGE_STANDARD = gnu11;
				GCC_DYNAMIC_NO_PIC = NO;
				GCC_NO_COMMON_BLOCKS = YES;
				GCC_OPTIMIZATION_LEVEL = 0;
				GCC_PREPROCESSOR_DEFINITIONS = (
					"DEBUG=1",
					"$(inherited)",
				);
				GCC_WARN_64_TO_32_BIT_CONVERSION = YES;
				GCC_WARN_ABOUT_RETURN_TYPE = YES_ERROR;
				GCC_WARN_UNDECLARED_SELECTOR = YES;
				GCC_WARN_UNINITIALIZED_AUTOS = YES_AGGRESSIVE;
				GCC_WARN_UNUSED_FUNCTION = YES;
				GCC_WARN_UNUSED_VARIABLE = YES;
				IPHONEOS_DEPLOYMENT_TARGET = 14.4;
				MTL_ENABLE_DEBUG_INFO = INCLUDE_SOURCE;
				MTL_FAST_MATH = YES;
				ONLY_ACTIVE_ARCH = YES;
				SDKROOT = iphoneos;
				SWIFT_ACTIVE_COMPILATION_CONDITIONS = DEBUG;
				SWIFT_OPTIMIZATION_LEVEL = "-Onone";
			};
			name = Debug;
		};
		FE109B442620F8FD0035A2DC /* Release */ = {
			isa = XCBuildConfiguration;
			buildSettings = {
				ALWAYS_SEARCH_USER_PATHS = NO;
				CLANG_ANALYZER_NONNULL = YES;
				CLANG_ANALYZER_NUMBER_OBJECT_CONVERSION = YES_AGGRESSIVE;
				CLANG_CXX_LANGUAGE_STANDARD = "gnu++14";
				CLANG_CXX_LIBRARY = "libc++";
				CLANG_ENABLE_MODULES = YES;
				CLANG_ENABLE_OBJC_ARC = YES;
				CLANG_ENABLE_OBJC_WEAK = YES;
				CLANG_WARN_BLOCK_CAPTURE_AUTORELEASING = YES;
				CLANG_WARN_BOOL_CONVERSION = YES;
				CLANG_WARN_COMMA = YES;
				CLANG_WARN_CONSTANT_CONVERSION = YES;
				CLANG_WARN_DEPRECATED_OBJC_IMPLEMENTATIONS = YES;
				CLANG_WARN_DIRECT_OBJC_ISA_USAGE = YES_ERROR;
				CLANG_WARN_DOCUMENTATION_COMMENTS = YES;
				CLANG_WARN_EMPTY_BODY = YES;
				CLANG_WARN_ENUM_CONVERSION = YES;
				CLANG_WARN_INFINITE_RECURSION = YES;
				CLANG_WARN_INT_CONVERSION = YES;
				CLANG_WARN_NON_LITERAL_NULL_CONVERSION = YES;
				CLANG_WARN_OBJC_IMPLICIT_RETAIN_SELF = YES;
				CLANG_WARN_OBJC_LITERAL_CONVERSION = YES;
				CLANG_WARN_OBJC_ROOT_CLASS = YES_ERROR;
				CLANG_WARN_QUOTED_INCLUDE_IN_FRAMEWORK_HEADER = YES;
				CLANG_WARN_RANGE_LOOP_ANALYSIS = YES;
				CLANG_WARN_STRICT_PROTOTYPES = YES;
				CLANG_WARN_SUSPICIOUS_MOVE = YES;
				CLANG_WARN_UNGUARDED_AVAILABILITY = YES_AGGRESSIVE;
				CLANG_WARN_UNREACHABLE_CODE = YES;
				CLANG_WARN__DUPLICATE_METHOD_MATCH = YES;
				COPY_PHASE_STRIP = NO;
				DEBUG_INFORMATION_FORMAT = "dwarf-with-dsym";
				ENABLE_NS_ASSERTIONS = NO;
				ENABLE_STRICT_OBJC_MSGSEND = YES;
				GCC_C_LANGUAGE_STANDARD = gnu11;
				GCC_NO_COMMON_BLOCKS = YES;
				GCC_WARN_64_TO_32_BIT_CONVERSION = YES;
				GCC_WARN_ABOUT_RETURN_TYPE = YES_ERROR;
				GCC_WARN_UNDECLARED_SELECTOR = YES;
				GCC_WARN_UNINITIALIZED_AUTOS = YES_AGGRESSIVE;
				GCC_WARN_UNUSED_FUNCTION = YES;
				GCC_WARN_UNUSED_VARIABLE = YES;
				IPHONEOS_DEPLOYMENT_TARGET = 14.4;
				MTL_ENABLE_DEBUG_INFO = NO;
				MTL_FAST_MATH = YES;
				SDKROOT = iphoneos;
				SWIFT_COMPILATION_MODE = wholemodule;
				SWIFT_OPTIMIZATION_LEVEL = "-O";
				VALIDATE_PRODUCT = YES;
			};
			name = Release;
		};
		FE109B462620F8FD0035A2DC /* Debug */ = {
			isa = XCBuildConfiguration;
			buildSettings = {
				ASSETCATALOG_COMPILER_APPICON_NAME = AppIcon;
				ASSETCATALOG_COMPILER_GLOBAL_ACCENT_COLOR_NAME = AccentColor;
				CODE_SIGN_STYLE = Automatic;
				DEVELOPMENT_TEAM = 2PB2K8A6Q9;
				INFOPLIST_FILE = YuklemeTakip/Info.plist;
				LD_RUNPATH_SEARCH_PATHS = (
					"$(inherited)",
					"@executable_path/Frameworks",
				);
				PRODUCT_BUNDLE_IDENTIFIER = com.cevher.YuklemeTakip;
				PRODUCT_NAME = "$(TARGET_NAME)";
				SWIFT_VERSION = 5.0;
				TARGETED_DEVICE_FAMILY = "1,2";
			};
			name = Debug;
		};
		FE109B472620F8FD0035A2DC /* Release */ = {
			isa = XCBuildConfiguration;
			buildSettings = {
				ASSETCATALOG_COMPILER_APPICON_NAME = AppIcon;
				ASSETCATALOG_COMPILER_GLOBAL_ACCENT_COLOR_NAME = AccentColor;
				CODE_SIGN_STYLE = Automatic;
				DEVELOPMENT_TEAM = 2PB2K8A6Q9;
				INFOPLIST_FILE = YuklemeTakip/Info.plist;
				LD_RUNPATH_SEARCH_PATHS = (
					"$(inherited)",
					"@executable_path/Frameworks",
				);
				PRODUCT_BUNDLE_IDENTIFIER = com.cevher.YuklemeTakip;
				PRODUCT_NAME = "$(TARGET_NAME)";
				SWIFT_VERSION = 5.0;
				TARGETED_DEVICE_FAMILY = "1,2";
			};
			name = Release;
		};
/* End XCBuildConfiguration section */

/* Begin XCConfigurationList section */
		FE109B292620F8FC0035A2DC /* Build configuration list for PBXProject "YuklemeTakip" */ = {
			isa = XCConfigurationList;
			buildConfigurations = (
				FE109B432620F8FD0035A2DC /* Debug */,
				FE109B442620F8FD0035A2DC /* Release */,
			);
			defaultConfigurationIsVisible = 0;
			defaultConfigurationName = Release;
		};
		FE109B452620F8FD0035A2DC /* Build configuration list for PBXNativeTarget "YuklemeTakip" */ = {
			isa = XCConfigurationList;
			buildConfigurations = (
				FE109B462620F8FD0035A2DC /* Debug */,
				FE109B472620F8FD0035A2DC /* Release */,
			);
			defaultConfigurationIsVisible = 0;
			defaultConfigurationName = Release;
		};
/* End XCConfigurationList section */

/* Begin XCVersionGroup section */
		FE109B3A2620F8FC0035A2DC /* YuklemeTakip.xcdatamodeld */ = {
			isa = XCVersionGroup;
			children = (
				FE109B3B2620F8FC0035A2DC /* YuklemeTakip.xcdatamodel */,
			);
			currentVersion = FE109B3B2620F8FC0035A2DC /* YuklemeTakip.xcdatamodel */;
			path = YuklemeTakip.xcdatamodeld;
			sourceTree = "<group>";
			versionGroupType = wrapper.xcdatamodel;
		};
/* End XCVersionGroup section */
	};
	rootObject = FE109B262620F8FC0035A2DC /* Project object */;
}
